
Microsoft Visual Studio Solution File, Format Version 12.00
# Visual Studio Version 17
VisualStudioVersion = 17.4.33205.214
MinimumVisualStudioVersion = 10.0.40219.1
Project("{9A19103F-16F7-4668-BE54-9A1E7A4F7556}") = "EpicGamesLauncherLibrary", "EpicGamesLauncherLibrary.csproj", "{56FA0AFD-9CA9-4DDF-BA91-FAD4701E415A}"
EndProject
Project("{9A19103F-16F7-4668-BE54-9A1E7A4F7556}") = "EpicGamesLauncherLibrary.Test", "..\EpicGamesLauncherLibrary.Test\EpicGamesLauncherLibrary.Test.csproj", "{4C177E1E-ADB1-49EB-974B-367186A461FB}"
EndProject
Project("{9A19103F-16F7-4668-BE54-9A1E7A4F7556}") = "EpicManifestParser", "..\EpicManifestParser\src\EpicManifestParser\EpicManifestParser.csproj", "{43F53124-28A1-43CE-B043-186AE4BD7FCF}"
EndProject
Global
	GlobalSection(SolutionConfigurationPlatforms) = preSolution
		Debug|Any CPU = Debug|Any CPU
		Release|Any CPU = Release|Any CPU
	EndGlobalSection
	GlobalSection(ProjectConfigurationPlatforms) = postSolution
		{56FA0AFD-9CA9-4DDF-BA91-FAD4701E415A}.Debug|Any CPU.ActiveCfg = Debug|Any CPU
		{56FA0AFD-9CA9-4DDF-BA91-FAD4701E415A}.Debug|Any CPU.Build.0 = Debug|Any CPU
		{56FA0AFD-9CA9-4DDF-BA91-FAD4701E415A}.Release|Any CPU.ActiveCfg = Release|Any CPU
		{56FA0AFD-9CA9-4DDF-BA91-FAD4701E415A}.Release|Any CPU.Build.0 = Release|Any CPU
		{4C177E1E-ADB1-49EB-974B-367186A461FB}.Debug|Any CPU.ActiveCfg = Debug|Any CPU
		{4C177E1E-ADB1-49EB-974B-367186A461FB}.Debug|Any CPU.Build.0 = Debug|Any CPU
		{4C177E1E-ADB1-49EB-974B-367186A461FB}.Release|Any CPU.ActiveCfg = Release|Any CPU
		{4C177E1E-ADB1-49EB-974B-367186A461FB}.Release|Any CPU.Build.0 = Release|Any CPU
		{43F53124-28A1-43CE-B043-186AE4BD7FCF}.Debug|Any CPU.ActiveCfg = Debug|Any CPU
		{43F53124-28A1-43CE-B043-186AE4BD7FCF}.Debug|Any CPU.Build.0 = Debug|Any CPU
		{43F53124-28A1-43CE-B043-186AE4BD7FCF}.Release|Any CPU.ActiveCfg = Release|Any CPU
		{43F53124-28A1-43CE-B043-186AE4BD7FCF}.Release|Any CPU.Build.0 = Release|Any CPU
	EndGlobalSection
	GlobalSection(SolutionProperties) = preSolution
		HideSolutionNode = FALSE
	EndGlobalSection
	GlobalSection(ExtensibilityGlobals) = postSolution
		SolutionGuid = {26036BD7-3DEE-4B7D-BCF9-D642A6DBB350}
	EndGlobalSection
EndGlobal
